
Microsoft Visual Studio Solution File, Format Version 12.00
# Visual Studio 15
VisualStudioVersion = 14.0.25420.1
MinimumVisualStudioVersion = 10.0.40219.1
Project("{F14B399A-7131-4C87-9E4B-1186C45EF12D}") = "Report_FixedIncomeExposures", "Report_FixedIncomeExposures\Report_FixedIncomeExposures.rptproj", "{1823935A-AC99-4CEB-9567-C28D487E9BC5}"
EndProject
Project("{F14B399A-7131-4C87-9E4B-1186C45EF12D}") = "Report_MortgageExposures", "Report_MortgageExposures\Report_MortgageExposures.rptproj", "{4B453C17-830D-4C7F-ABF1-165817B4C3C2}"
EndProject
Project("{00D1A9C2-B5F0-4AF3-8072-F6C62B433612}") = "Database_Rpt", "Database_Rpt\Database_Rpt.sqlproj", "{652784E0-FE18-4976-83E6-3F47B386684A}"
EndProject
Project("{2150E333-8FDC-42A3-9474-1A3956D46DE8}") = "PowerBI", "PowerBI", "{EAF71A64-CC6E-416E-83A2-E3E19AB35C92}"
	ProjectSection(SolutionItems) = preProject
		..\..\..\..\Documents\Power BI\Custom Themes\BCi.json = ..\..\..\..\Documents\Power BI\Custom Themes\BCi.json
		PowerBI\Example_Layout.pbix = PowerBI\Example_Layout.pbix
		..\..\..\..\Documents\Power BI\Templates\PowerBI_Blank_BCI.pbix = ..\..\..\..\Documents\Power BI\Templates\PowerBI_Blank_BCI.pbix
		PowerBI\RM_Asset_Demo_Uden.pbix = PowerBI\RM_Asset_Demo_Uden.pbix
	EndProjectSection
EndProject
Project("{F14B399A-7131-4C87-9E4B-1186C45EF12D}") = "Report_Sample", "Report_Sample\Report_Sample.rptproj", "{673A37C3-AF1B-44C0-A0AB-74967F3D0A77}"
EndProject
Project("{2150E333-8FDC-42A3-9474-1A3956D46DE8}") = "packages", "packages", "{1CC8A78E-411D-42CE-9294-319B2BAF4346}"
	ProjectSection(SolutionItems) = preProject
		packages\Risk.DataWarehouse.RiskDM.Database.dacpac = packages\Risk.DataWarehouse.RiskDM.Database.dacpac
	EndProjectSection
EndProject
Project("{F14B399A-7131-4C87-9E4B-1186C45EF12D}") = "Report_Derivatives", "Report_Derivatives\Report_Derivatives.rptproj", "{65FCDD17-1873-472C-82CB-4DAB74276587}"
EndProject
Project("{00D1A9C2-B5F0-4AF3-8072-F6C62B433612}") = "Database_Adhoc_PreDeployment", "Database_Adhoc_PreDeployment\Database_Adhoc_PreDeployment.sqlproj", "{C181C11C-51FD-49E1-AB56-186BC145BD14}"
EndProject
Project("{F14B399A-7131-4C87-9E4B-1186C45EF12D}") = "Report_PrivateEquity", "Report_PrivateEquity\Report_PrivateEquity.rptproj", "{7C6790E7-5FE0-4E3A-9E8B-92EA480F9377}"
EndProject
Project("{F14B399A-7131-4C87-9E4B-1186C45EF12D}") = "Report_Infrastructure", "Report_Infrastructure\Report_Infrastructure.rptproj", "{DB6E49CB-7430-4E32-8D0A-0F214F7F08CE}"
EndProject
Project("{F14B399A-7131-4C87-9E4B-1186C45EF12D}") = "Report_RealEstate", "Report_RealEstate\Report_RealEstate.rptproj", "{035254F9-B1C3-4F2D-8710-AEA06CFA2BAA}"
EndProject
Project("{F14B399A-7131-4C87-9E4B-1186C45EF12D}") = "Report_PublicEquities", "Report_PublicEquities\Report_PublicEquities.rptproj", "{C2E1AC00-1824-4D75-9CDD-B6F548890FE9}"
EndProject
Project("{F14B399A-7131-4C87-9E4B-1186C45EF12D}") = "Report_IRCInvestmentRisk", "Report_IRCInvestmentRisk\Report_IRCInvestmentRisk.rptproj", "{ECEF3F45-0382-4649-A388-0CF4B76F6D1E}"
EndProject
Project("{F14B399A-7131-4C87-9E4B-1186C45EF12D}") = "SQLServerAgentJob", "SQLServerAgentJob\SQLServerAgentJob.rptproj", "{EFB5EC97-8D63-4DAC-A1E9-8CFDAD07BD62}"
EndProject
Project("{F14B399A-7131-4C87-9E4B-1186C45EF12D}") = "Report_Liquidity", "Report_Liquidity\Report_Liquidity.rptproj", "{C55AE252-8BCC-4CA0-A437-F46452366B7F}"
EndProject
Project("{F14B399A-7131-4C87-9E4B-1186C45EF12D}") = "Report_WeeklyActiveRisk", "Report_WeeklyActiveRisk\Report_WeeklyActiveRisk.rptproj", "{08C237B4-3469-4A19-8BD2-F12685F45ADE}"
EndProject
Project("{159641D6-6404-4A2A-AE62-294DE0FE8301}") = "DI_WeeklyActiveRisk", "DI_WeeklyActiveRisk\DI_WeeklyActiveRisk.dtproj", "{F11E2C12-2A37-4794-B7F7-84E87A5479C3}"
EndProject
Project("{F14B399A-7131-4C87-9E4B-1186C45EF12D}") = "MDS_Metadata", "MDS_Metadata\MDS_Metadata.rptproj", "{306C22A5-BAF1-47E4-8CB0-BC72F0826FF1}"
EndProject
Project("{00D1A9C2-B5F0-4AF3-8072-F6C62B433612}") = "Database_ISR_Analytic", "Database_ISR_Analytic\Database_ISR_Analytic.sqlproj", "{333040C2-E24B-4290-BBC1-678A2EBEBBEB}"
EndProject
Project("{2150E333-8FDC-42A3-9474-1A3956D46DE8}") = "MDS_ISR", "MDS_ISR", "{E3C4B3B6-B6AB-48EC-BA64-05383D71CCBF}"
EndProject
Project("{2150E333-8FDC-42A3-9474-1A3956D46DE8}") = "Models", "Models", "{3E6D9C86-D776-453A-9A97-7BF5396DAF4E}"
	ProjectSection(SolutionItems) = preProject
		MDS_ISR\Models\RM_Weekly_Active_Risk.pkg = MDS_ISR\Models\RM_Weekly_Active_Risk.pkg
	EndProjectSection
EndProject
Global
	GlobalSection(SolutionConfigurationPlatforms) = preSolution
		Debug|Any CPU = Debug|Any CPU
		DebugLocal|Any CPU = DebugLocal|Any CPU
		Development|Any CPU = Development|Any CPU
		Production|Any CPU = Production|Any CPU
		Release|Any CPU = Release|Any CPU
		Test|Any CPU = Test|Any CPU
		UAT|Any CPU = UAT|Any CPU
	EndGlobalSection
	GlobalSection(ProjectConfigurationPlatforms) = postSolution
		{1823935A-AC99-4CEB-9567-C28D487E9BC5}.Debug|Any CPU.ActiveCfg = Debug
		{1823935A-AC99-4CEB-9567-C28D487E9BC5}.Debug|Any CPU.Build.0 = Debug
		{1823935A-AC99-4CEB-9567-C28D487E9BC5}.Debug|Any CPU.Deploy.0 = Debug
		{1823935A-AC99-4CEB-9567-C28D487E9BC5}.DebugLocal|Any CPU.ActiveCfg = DebugLocal
		{1823935A-AC99-4CEB-9567-C28D487E9BC5}.DebugLocal|Any CPU.Build.0 = DebugLocal
		{1823935A-AC99-4CEB-9567-C28D487E9BC5}.DebugLocal|Any CPU.Deploy.0 = DebugLocal
		{1823935A-AC99-4CEB-9567-C28D487E9BC5}.Development|Any CPU.ActiveCfg = Development
		{1823935A-AC99-4CEB-9567-C28D487E9BC5}.Development|Any CPU.Build.0 = Development
		{1823935A-AC99-4CEB-9567-C28D487E9BC5}.Production|Any CPU.ActiveCfg = Production
		{1823935A-AC99-4CEB-9567-C28D487E9BC5}.Production|Any CPU.Build.0 = Production
		{1823935A-AC99-4CEB-9567-C28D487E9BC5}.Production|Any CPU.Deploy.0 = Production
		{1823935A-AC99-4CEB-9567-C28D487E9BC5}.Release|Any CPU.ActiveCfg = Release
		{1823935A-AC99-4CEB-9567-C28D487E9BC5}.Release|Any CPU.Build.0 = Release
		{1823935A-AC99-4CEB-9567-C28D487E9BC5}.Release|Any CPU.Deploy.0 = Release
		{1823935A-AC99-4CEB-9567-C28D487E9BC5}.Test|Any CPU.ActiveCfg = Test
		{1823935A-AC99-4CEB-9567-C28D487E9BC5}.Test|Any CPU.Build.0 = Test
		{1823935A-AC99-4CEB-9567-C28D487E9BC5}.Test|Any CPU.Deploy.0 = Test
		{1823935A-AC99-4CEB-9567-C28D487E9BC5}.UAT|Any CPU.ActiveCfg = UAT
		{1823935A-AC99-4CEB-9567-C28D487E9BC5}.UAT|Any CPU.Build.0 = UAT
		{1823935A-AC99-4CEB-9567-C28D487E9BC5}.UAT|Any CPU.Deploy.0 = UAT
		{4B453C17-830D-4C7F-ABF1-165817B4C3C2}.Debug|Any CPU.ActiveCfg = Debug
		{4B453C17-830D-4C7F-ABF1-165817B4C3C2}.Debug|Any CPU.Build.0 = Debug
		{4B453C17-830D-4C7F-ABF1-165817B4C3C2}.Debug|Any CPU.Deploy.0 = Debug
		{4B453C17-830D-4C7F-ABF1-165817B4C3C2}.DebugLocal|Any CPU.ActiveCfg = DebugLocal
		{4B453C17-830D-4C7F-ABF1-165817B4C3C2}.DebugLocal|Any CPU.Build.0 = DebugLocal
		{4B453C17-830D-4C7F-ABF1-165817B4C3C2}.DebugLocal|Any CPU.Deploy.0 = DebugLocal
		{4B453C17-830D-4C7F-ABF1-165817B4C3C2}.Development|Any CPU.ActiveCfg = Development
		{4B453C17-830D-4C7F-ABF1-165817B4C3C2}.Development|Any CPU.Build.0 = Development
		{4B453C17-830D-4C7F-ABF1-165817B4C3C2}.Production|Any CPU.ActiveCfg = Production
		{4B453C17-830D-4C7F-ABF1-165817B4C3C2}.Production|Any CPU.Build.0 = Production
		{4B453C17-830D-4C7F-ABF1-165817B4C3C2}.Production|Any CPU.Deploy.0 = Production
		{4B453C17-830D-4C7F-ABF1-165817B4C3C2}.Release|Any CPU.ActiveCfg = Release
		{4B453C17-830D-4C7F-ABF1-165817B4C3C2}.Release|Any CPU.Build.0 = Release
		{4B453C17-830D-4C7F-ABF1-165817B4C3C2}.Release|Any CPU.Deploy.0 = Release
		{4B453C17-830D-4C7F-ABF1-165817B4C3C2}.Test|Any CPU.ActiveCfg = Test
		{4B453C17-830D-4C7F-ABF1-165817B4C3C2}.Test|Any CPU.Build.0 = Test
		{4B453C17-830D-4C7F-ABF1-165817B4C3C2}.Test|Any CPU.Deploy.0 = Test
		{4B453C17-830D-4C7F-ABF1-165817B4C3C2}.UAT|Any CPU.ActiveCfg = UAT
		{4B453C17-830D-4C7F-ABF1-165817B4C3C2}.UAT|Any CPU.Build.0 = UAT
		{4B453C17-830D-4C7F-ABF1-165817B4C3C2}.UAT|Any CPU.Deploy.0 = UAT
		{652784E0-FE18-4976-83E6-3F47B386684A}.Debug|Any CPU.ActiveCfg = Debug|Any CPU
		{652784E0-FE18-4976-83E6-3F47B386684A}.Debug|Any CPU.Build.0 = Debug|Any CPU
		{652784E0-FE18-4976-83E6-3F47B386684A}.Debug|Any CPU.Deploy.0 = Debug|Any CPU
		{652784E0-FE18-4976-83E6-3F47B386684A}.DebugLocal|Any CPU.ActiveCfg = Debug|Any CPU
		{652784E0-FE18-4976-83E6-3F47B386684A}.DebugLocal|Any CPU.Build.0 = Debug|Any CPU
		{652784E0-FE18-4976-83E6-3F47B386684A}.DebugLocal|Any CPU.Deploy.0 = Debug|Any CPU
		{652784E0-FE18-4976-83E6-3F47B386684A}.Development|Any CPU.ActiveCfg = Debug|Any CPU
		{652784E0-FE18-4976-83E6-3F47B386684A}.Development|Any CPU.Build.0 = Debug|Any CPU
		{652784E0-FE18-4976-83E6-3F47B386684A}.Production|Any CPU.ActiveCfg = UAT|Any CPU
		{652784E0-FE18-4976-83E6-3F47B386684A}.Production|Any CPU.Build.0 = UAT|Any CPU
		{652784E0-FE18-4976-83E6-3F47B386684A}.Production|Any CPU.Deploy.0 = UAT|Any CPU
		{652784E0-FE18-4976-83E6-3F47B386684A}.Release|Any CPU.ActiveCfg = Release|Any CPU
		{652784E0-FE18-4976-83E6-3F47B386684A}.Release|Any CPU.Build.0 = Release|Any CPU
		{652784E0-FE18-4976-83E6-3F47B386684A}.Release|Any CPU.Deploy.0 = Release|Any CPU
		{652784E0-FE18-4976-83E6-3F47B386684A}.Test|Any CPU.ActiveCfg = Release|Any CPU
		{652784E0-FE18-4976-83E6-3F47B386684A}.Test|Any CPU.Build.0 = Release|Any CPU
		{652784E0-FE18-4976-83E6-3F47B386684A}.Test|Any CPU.Deploy.0 = Release|Any CPU
		{652784E0-FE18-4976-83E6-3F47B386684A}.UAT|Any CPU.ActiveCfg = UAT|Any CPU
		{652784E0-FE18-4976-83E6-3F47B386684A}.UAT|Any CPU.Build.0 = UAT|Any CPU
		{652784E0-FE18-4976-83E6-3F47B386684A}.UAT|Any CPU.Deploy.0 = UAT|Any CPU
		{673A37C3-AF1B-44C0-A0AB-74967F3D0A77}.Debug|Any CPU.ActiveCfg = Debug
		{673A37C3-AF1B-44C0-A0AB-74967F3D0A77}.Debug|Any CPU.Build.0 = Debug
		{673A37C3-AF1B-44C0-A0AB-74967F3D0A77}.Debug|Any CPU.Deploy.0 = Debug
		{673A37C3-AF1B-44C0-A0AB-74967F3D0A77}.DebugLocal|Any CPU.ActiveCfg = DebugLocal
		{673A37C3-AF1B-44C0-A0AB-74967F3D0A77}.DebugLocal|Any CPU.Build.0 = DebugLocal
		{673A37C3-AF1B-44C0-A0AB-74967F3D0A77}.Development|Any CPU.ActiveCfg = Development
		{673A37C3-AF1B-44C0-A0AB-74967F3D0A77}.Development|Any CPU.Build.0 = Development
		{673A37C3-AF1B-44C0-A0AB-74967F3D0A77}.Production|Any CPU.ActiveCfg = Production
		{673A37C3-AF1B-44C0-A0AB-74967F3D0A77}.Production|Any CPU.Build.0 = Production
		{673A37C3-AF1B-44C0-A0AB-74967F3D0A77}.Production|Any CPU.Deploy.0 = Production
		{673A37C3-AF1B-44C0-A0AB-74967F3D0A77}.Release|Any CPU.ActiveCfg = Release
		{673A37C3-AF1B-44C0-A0AB-74967F3D0A77}.Release|Any CPU.Build.0 = Release
		{673A37C3-AF1B-44C0-A0AB-74967F3D0A77}.Release|Any CPU.Deploy.0 = Release
		{673A37C3-AF1B-44C0-A0AB-74967F3D0A77}.Test|Any CPU.ActiveCfg = Test
		{673A37C3-AF1B-44C0-A0AB-74967F3D0A77}.Test|Any CPU.Build.0 = Test
		{673A37C3-AF1B-44C0-A0AB-74967F3D0A77}.Test|Any CPU.Deploy.0 = Test
		{673A37C3-AF1B-44C0-A0AB-74967F3D0A77}.UAT|Any CPU.ActiveCfg = UAT
		{673A37C3-AF1B-44C0-A0AB-74967F3D0A77}.UAT|Any CPU.Build.0 = UAT
		{673A37C3-AF1B-44C0-A0AB-74967F3D0A77}.UAT|Any CPU.Deploy.0 = UAT
		{65FCDD17-1873-472C-82CB-4DAB74276587}.Debug|Any CPU.ActiveCfg = Debug
		{65FCDD17-1873-472C-82CB-4DAB74276587}.Debug|Any CPU.Build.0 = Debug
		{65FCDD17-1873-472C-82CB-4DAB74276587}.Debug|Any CPU.Deploy.0 = Debug
		{65FCDD17-1873-472C-82CB-4DAB74276587}.DebugLocal|Any CPU.ActiveCfg = DebugLocal
		{65FCDD17-1873-472C-82CB-4DAB74276587}.DebugLocal|Any CPU.Build.0 = DebugLocal
		{65FCDD17-1873-472C-82CB-4DAB74276587}.Development|Any CPU.ActiveCfg = Development
		{65FCDD17-1873-472C-82CB-4DAB74276587}.Development|Any CPU.Build.0 = Development
		{65FCDD17-1873-472C-82CB-4DAB74276587}.Production|Any CPU.ActiveCfg = Production
		{65FCDD17-1873-472C-82CB-4DAB74276587}.Production|Any CPU.Build.0 = Production
		{65FCDD17-1873-472C-82CB-4DAB74276587}.Production|Any CPU.Deploy.0 = Production
		{65FCDD17-1873-472C-82CB-4DAB74276587}.Release|Any CPU.ActiveCfg = Release
		{65FCDD17-1873-472C-82CB-4DAB74276587}.Release|Any CPU.Build.0 = Release
		{65FCDD17-1873-472C-82CB-4DAB74276587}.Release|Any CPU.Deploy.0 = Release
		{65FCDD17-1873-472C-82CB-4DAB74276587}.Test|Any CPU.ActiveCfg = Test
		{65FCDD17-1873-472C-82CB-4DAB74276587}.Test|Any CPU.Build.0 = Test
		{65FCDD17-1873-472C-82CB-4DAB74276587}.Test|Any CPU.Deploy.0 = Test
		{65FCDD17-1873-472C-82CB-4DAB74276587}.UAT|Any CPU.ActiveCfg = UAT
		{65FCDD17-1873-472C-82CB-4DAB74276587}.UAT|Any CPU.Build.0 = UAT
		{65FCDD17-1873-472C-82CB-4DAB74276587}.UAT|Any CPU.Deploy.0 = UAT
		{C181C11C-51FD-49E1-AB56-186BC145BD14}.Debug|Any CPU.ActiveCfg = Debug|Any CPU
		{C181C11C-51FD-49E1-AB56-186BC145BD14}.Debug|Any CPU.Build.0 = Debug|Any CPU
		{C181C11C-51FD-49E1-AB56-186BC145BD14}.Debug|Any CPU.Deploy.0 = Debug|Any CPU
		{C181C11C-51FD-49E1-AB56-186BC145BD14}.DebugLocal|Any CPU.ActiveCfg = Debug|Any CPU
		{C181C11C-51FD-49E1-AB56-186BC145BD14}.DebugLocal|Any CPU.Build.0 = Debug|Any CPU
		{C181C11C-51FD-49E1-AB56-186BC145BD14}.DebugLocal|Any CPU.Deploy.0 = Debug|Any CPU
		{C181C11C-51FD-49E1-AB56-186BC145BD14}.Development|Any CPU.ActiveCfg = Debug|Any CPU
		{C181C11C-51FD-49E1-AB56-186BC145BD14}.Development|Any CPU.Build.0 = Debug|Any CPU
		{C181C11C-51FD-49E1-AB56-186BC145BD14}.Production|Any CPU.ActiveCfg = Release|Any CPU
		{C181C11C-51FD-49E1-AB56-186BC145BD14}.Production|Any CPU.Build.0 = Release|Any CPU
		{C181C11C-51FD-49E1-AB56-186BC145BD14}.Production|Any CPU.Deploy.0 = Release|Any CPU
		{C181C11C-51FD-49E1-AB56-186BC145BD14}.Release|Any CPU.ActiveCfg = Release|Any CPU
		{C181C11C-51FD-49E1-AB56-186BC145BD14}.Release|Any CPU.Build.0 = Release|Any CPU
		{C181C11C-51FD-49E1-AB56-186BC145BD14}.Release|Any CPU.Deploy.0 = Release|Any CPU
		{C181C11C-51FD-49E1-AB56-186BC145BD14}.Test|Any CPU.ActiveCfg = Release|Any CPU
		{C181C11C-51FD-49E1-AB56-186BC145BD14}.Test|Any CPU.Build.0 = Release|Any CPU
		{C181C11C-51FD-49E1-AB56-186BC145BD14}.Test|Any CPU.Deploy.0 = Release|Any CPU
		{C181C11C-51FD-49E1-AB56-186BC145BD14}.UAT|Any CPU.ActiveCfg = Release|Any CPU
		{C181C11C-51FD-49E1-AB56-186BC145BD14}.UAT|Any CPU.Build.0 = Release|Any CPU
		{C181C11C-51FD-49E1-AB56-186BC145BD14}.UAT|Any CPU.Deploy.0 = Release|Any CPU
		{7C6790E7-5FE0-4E3A-9E8B-92EA480F9377}.Debug|Any CPU.ActiveCfg = Debug
		{7C6790E7-5FE0-4E3A-9E8B-92EA480F9377}.Debug|Any CPU.Build.0 = Debug
		{7C6790E7-5FE0-4E3A-9E8B-92EA480F9377}.Debug|Any CPU.Deploy.0 = Debug
		{7C6790E7-5FE0-4E3A-9E8B-92EA480F9377}.DebugLocal|Any CPU.ActiveCfg = DebugLocal
		{7C6790E7-5FE0-4E3A-9E8B-92EA480F9377}.DebugLocal|Any CPU.Build.0 = DebugLocal
		{7C6790E7-5FE0-4E3A-9E8B-92EA480F9377}.Development|Any CPU.ActiveCfg = Development
		{7C6790E7-5FE0-4E3A-9E8B-92EA480F9377}.Development|Any CPU.Build.0 = Development
		{7C6790E7-5FE0-4E3A-9E8B-92EA480F9377}.Production|Any CPU.ActiveCfg = Production
		{7C6790E7-5FE0-4E3A-9E8B-92EA480F9377}.Production|Any CPU.Build.0 = Production
		{7C6790E7-5FE0-4E3A-9E8B-92EA480F9377}.Production|Any CPU.Deploy.0 = Production
		{7C6790E7-5FE0-4E3A-9E8B-92EA480F9377}.Release|Any CPU.ActiveCfg = Release
		{7C6790E7-5FE0-4E3A-9E8B-92EA480F9377}.Release|Any CPU.Build.0 = Release
		{7C6790E7-5FE0-4E3A-9E8B-92EA480F9377}.Release|Any CPU.Deploy.0 = Release
		{7C6790E7-5FE0-4E3A-9E8B-92EA480F9377}.Test|Any CPU.ActiveCfg = Test
		{7C6790E7-5FE0-4E3A-9E8B-92EA480F9377}.Test|Any CPU.Build.0 = Test
		{7C6790E7-5FE0-4E3A-9E8B-92EA480F9377}.Test|Any CPU.Deploy.0 = Test
		{7C6790E7-5FE0-4E3A-9E8B-92EA480F9377}.UAT|Any CPU.ActiveCfg = UAT
		{7C6790E7-5FE0-4E3A-9E8B-92EA480F9377}.UAT|Any CPU.Build.0 = UAT
		{7C6790E7-5FE0-4E3A-9E8B-92EA480F9377}.UAT|Any CPU.Deploy.0 = UAT
		{DB6E49CB-7430-4E32-8D0A-0F214F7F08CE}.Debug|Any CPU.ActiveCfg = Debug
		{DB6E49CB-7430-4E32-8D0A-0F214F7F08CE}.Debug|Any CPU.Build.0 = Debug
		{DB6E49CB-7430-4E32-8D0A-0F214F7F08CE}.Debug|Any CPU.Deploy.0 = Debug
		{DB6E49CB-7430-4E32-8D0A-0F214F7F08CE}.DebugLocal|Any CPU.ActiveCfg = DebugLocal
		{DB6E49CB-7430-4E32-8D0A-0F214F7F08CE}.DebugLocal|Any CPU.Build.0 = DebugLocal
		{DB6E49CB-7430-4E32-8D0A-0F214F7F08CE}.DebugLocal|Any CPU.Deploy.0 = DebugLocal
		{DB6E49CB-7430-4E32-8D0A-0F214F7F08CE}.Development|Any CPU.ActiveCfg = Development
		{DB6E49CB-7430-4E32-8D0A-0F214F7F08CE}.Development|Any CPU.Build.0 = Development
		{DB6E49CB-7430-4E32-8D0A-0F214F7F08CE}.Production|Any CPU.ActiveCfg = Production
		{DB6E49CB-7430-4E32-8D0A-0F214F7F08CE}.Production|Any CPU.Build.0 = Production
		{DB6E49CB-7430-4E32-8D0A-0F214F7F08CE}.Production|Any CPU.Deploy.0 = Production
		{DB6E49CB-7430-4E32-8D0A-0F214F7F08CE}.Release|Any CPU.ActiveCfg = Release
		{DB6E49CB-7430-4E32-8D0A-0F214F7F08CE}.Release|Any CPU.Build.0 = Release
		{DB6E49CB-7430-4E32-8D0A-0F214F7F08CE}.Release|Any CPU.Deploy.0 = Release
		{DB6E49CB-7430-4E32-8D0A-0F214F7F08CE}.Test|Any CPU.ActiveCfg = Test
		{DB6E49CB-7430-4E32-8D0A-0F214F7F08CE}.Test|Any CPU.Build.0 = Test
		{DB6E49CB-7430-4E32-8D0A-0F214F7F08CE}.Test|Any CPU.Deploy.0 = Test
		{DB6E49CB-7430-4E32-8D0A-0F214F7F08CE}.UAT|Any CPU.ActiveCfg = UAT
		{DB6E49CB-7430-4E32-8D0A-0F214F7F08CE}.UAT|Any CPU.Build.0 = UAT
		{DB6E49CB-7430-4E32-8D0A-0F214F7F08CE}.UAT|Any CPU.Deploy.0 = UAT
		{035254F9-B1C3-4F2D-8710-AEA06CFA2BAA}.Debug|Any CPU.ActiveCfg = Debug
		{035254F9-B1C3-4F2D-8710-AEA06CFA2BAA}.Debug|Any CPU.Build.0 = Debug
		{035254F9-B1C3-4F2D-8710-AEA06CFA2BAA}.Debug|Any CPU.Deploy.0 = Debug
		{035254F9-B1C3-4F2D-8710-AEA06CFA2BAA}.DebugLocal|Any CPU.ActiveCfg = DebugLocal
		{035254F9-B1C3-4F2D-8710-AEA06CFA2BAA}.DebugLocal|Any CPU.Build.0 = DebugLocal
		{035254F9-B1C3-4F2D-8710-AEA06CFA2BAA}.DebugLocal|Any CPU.Deploy.0 = DebugLocal
		{035254F9-B1C3-4F2D-8710-AEA06CFA2BAA}.Development|Any CPU.ActiveCfg = Development
		{035254F9-B1C3-4F2D-8710-AEA06CFA2BAA}.Development|Any CPU.Build.0 = Development
		{035254F9-B1C3-4F2D-8710-AEA06CFA2BAA}.Production|Any CPU.ActiveCfg = Production
		{035254F9-B1C3-4F2D-8710-AEA06CFA2BAA}.Production|Any CPU.Build.0 = Production
		{035254F9-B1C3-4F2D-8710-AEA06CFA2BAA}.Production|Any CPU.Deploy.0 = Production
		{035254F9-B1C3-4F2D-8710-AEA06CFA2BAA}.Release|Any CPU.ActiveCfg = Release
		{035254F9-B1C3-4F2D-8710-AEA06CFA2BAA}.Release|Any CPU.Build.0 = Release
		{035254F9-B1C3-4F2D-8710-AEA06CFA2BAA}.Release|Any CPU.Deploy.0 = Release
		{035254F9-B1C3-4F2D-8710-AEA06CFA2BAA}.Test|Any CPU.ActiveCfg = Test
		{035254F9-B1C3-4F2D-8710-AEA06CFA2BAA}.Test|Any CPU.Build.0 = Test
		{035254F9-B1C3-4F2D-8710-AEA06CFA2BAA}.Test|Any CPU.Deploy.0 = Test
		{035254F9-B1C3-4F2D-8710-AEA06CFA2BAA}.UAT|Any CPU.ActiveCfg = UAT
		{035254F9-B1C3-4F2D-8710-AEA06CFA2BAA}.UAT|Any CPU.Build.0 = UAT
		{035254F9-B1C3-4F2D-8710-AEA06CFA2BAA}.UAT|Any CPU.Deploy.0 = UAT
		{C2E1AC00-1824-4D75-9CDD-B6F548890FE9}.Debug|Any CPU.ActiveCfg = Debug
		{C2E1AC00-1824-4D75-9CDD-B6F548890FE9}.Debug|Any CPU.Build.0 = Debug
		{C2E1AC00-1824-4D75-9CDD-B6F548890FE9}.Debug|Any CPU.Deploy.0 = Debug
		{C2E1AC00-1824-4D75-9CDD-B6F548890FE9}.DebugLocal|Any CPU.ActiveCfg = DebugLocal
		{C2E1AC00-1824-4D75-9CDD-B6F548890FE9}.DebugLocal|Any CPU.Build.0 = DebugLocal
		{C2E1AC00-1824-4D75-9CDD-B6F548890FE9}.Development|Any CPU.ActiveCfg = Development
		{C2E1AC00-1824-4D75-9CDD-B6F548890FE9}.Development|Any CPU.Build.0 = Development
		{C2E1AC00-1824-4D75-9CDD-B6F548890FE9}.Production|Any CPU.ActiveCfg = Production
		{C2E1AC00-1824-4D75-9CDD-B6F548890FE9}.Production|Any CPU.Build.0 = Production
		{C2E1AC00-1824-4D75-9CDD-B6F548890FE9}.Production|Any CPU.Deploy.0 = Production
		{C2E1AC00-1824-4D75-9CDD-B6F548890FE9}.Release|Any CPU.ActiveCfg = Release
		{C2E1AC00-1824-4D75-9CDD-B6F548890FE9}.Release|Any CPU.Build.0 = Release
		{C2E1AC00-1824-4D75-9CDD-B6F548890FE9}.Release|Any CPU.Deploy.0 = Release
		{C2E1AC00-1824-4D75-9CDD-B6F548890FE9}.Test|Any CPU.ActiveCfg = Test
		{C2E1AC00-1824-4D75-9CDD-B6F548890FE9}.Test|Any CPU.Build.0 = Test
		{C2E1AC00-1824-4D75-9CDD-B6F548890FE9}.Test|Any CPU.Deploy.0 = Test
		{C2E1AC00-1824-4D75-9CDD-B6F548890FE9}.UAT|Any CPU.ActiveCfg = UAT
		{C2E1AC00-1824-4D75-9CDD-B6F548890FE9}.UAT|Any CPU.Build.0 = UAT
		{C2E1AC00-1824-4D75-9CDD-B6F548890FE9}.UAT|Any CPU.Deploy.0 = UAT
		{ECEF3F45-0382-4649-A388-0CF4B76F6D1E}.Debug|Any CPU.ActiveCfg = Debug
		{ECEF3F45-0382-4649-A388-0CF4B76F6D1E}.Debug|Any CPU.Build.0 = Debug
		{ECEF3F45-0382-4649-A388-0CF4B76F6D1E}.Debug|Any CPU.Deploy.0 = Debug
		{ECEF3F45-0382-4649-A388-0CF4B76F6D1E}.DebugLocal|Any CPU.ActiveCfg = DebugLocal
		{ECEF3F45-0382-4649-A388-0CF4B76F6D1E}.DebugLocal|Any CPU.Build.0 = DebugLocal
		{ECEF3F45-0382-4649-A388-0CF4B76F6D1E}.DebugLocal|Any CPU.Deploy.0 = DebugLocal
		{ECEF3F45-0382-4649-A388-0CF4B76F6D1E}.Development|Any CPU.ActiveCfg = Development
		{ECEF3F45-0382-4649-A388-0CF4B76F6D1E}.Development|Any CPU.Build.0 = Development
		{ECEF3F45-0382-4649-A388-0CF4B76F6D1E}.Production|Any CPU.ActiveCfg = Production
		{ECEF3F45-0382-4649-A388-0CF4B76F6D1E}.Production|Any CPU.Build.0 = Production
		{ECEF3F45-0382-4649-A388-0CF4B76F6D1E}.Production|Any CPU.Deploy.0 = Production
		{ECEF3F45-0382-4649-A388-0CF4B76F6D1E}.Release|Any CPU.ActiveCfg = Release
		{ECEF3F45-0382-4649-A388-0CF4B76F6D1E}.Release|Any CPU.Build.0 = Release
		{ECEF3F45-0382-4649-A388-0CF4B76F6D1E}.Release|Any CPU.Deploy.0 = Release
		{ECEF3F45-0382-4649-A388-0CF4B76F6D1E}.Test|Any CPU.ActiveCfg = Test
		{ECEF3F45-0382-4649-A388-0CF4B76F6D1E}.Test|Any CPU.Build.0 = Test
		{ECEF3F45-0382-4649-A388-0CF4B76F6D1E}.Test|Any CPU.Deploy.0 = Test
		{ECEF3F45-0382-4649-A388-0CF4B76F6D1E}.UAT|Any CPU.ActiveCfg = UAT
		{ECEF3F45-0382-4649-A388-0CF4B76F6D1E}.UAT|Any CPU.Build.0 = UAT
		{ECEF3F45-0382-4649-A388-0CF4B76F6D1E}.UAT|Any CPU.Deploy.0 = UAT
		{EFB5EC97-8D63-4DAC-A1E9-8CFDAD07BD62}.Debug|Any CPU.ActiveCfg = Debug
		{EFB5EC97-8D63-4DAC-A1E9-8CFDAD07BD62}.Debug|Any CPU.Build.0 = Debug
		{EFB5EC97-8D63-4DAC-A1E9-8CFDAD07BD62}.Debug|Any CPU.Deploy.0 = Debug
		{EFB5EC97-8D63-4DAC-A1E9-8CFDAD07BD62}.DebugLocal|Any CPU.ActiveCfg = DebugLocal
		{EFB5EC97-8D63-4DAC-A1E9-8CFDAD07BD62}.DebugLocal|Any CPU.Build.0 = DebugLocal
		{EFB5EC97-8D63-4DAC-A1E9-8CFDAD07BD62}.DebugLocal|Any CPU.Deploy.0 = DebugLocal
		{EFB5EC97-8D63-4DAC-A1E9-8CFDAD07BD62}.Development|Any CPU.ActiveCfg = Development
		{EFB5EC97-8D63-4DAC-A1E9-8CFDAD07BD62}.Development|Any CPU.Build.0 = Development
		{EFB5EC97-8D63-4DAC-A1E9-8CFDAD07BD62}.Production|Any CPU.ActiveCfg = Production
		{EFB5EC97-8D63-4DAC-A1E9-8CFDAD07BD62}.Production|Any CPU.Build.0 = Production
		{EFB5EC97-8D63-4DAC-A1E9-8CFDAD07BD62}.Production|Any CPU.Deploy.0 = Production
		{EFB5EC97-8D63-4DAC-A1E9-8CFDAD07BD62}.Release|Any CPU.ActiveCfg = Release
		{EFB5EC97-8D63-4DAC-A1E9-8CFDAD07BD62}.Release|Any CPU.Build.0 = Release
		{EFB5EC97-8D63-4DAC-A1E9-8CFDAD07BD62}.Release|Any CPU.Deploy.0 = Release
		{EFB5EC97-8D63-4DAC-A1E9-8CFDAD07BD62}.Test|Any CPU.ActiveCfg = Test
		{EFB5EC97-8D63-4DAC-A1E9-8CFDAD07BD62}.Test|Any CPU.Build.0 = Test
		{EFB5EC97-8D63-4DAC-A1E9-8CFDAD07BD62}.Test|Any CPU.Deploy.0 = Test
		{EFB5EC97-8D63-4DAC-A1E9-8CFDAD07BD62}.UAT|Any CPU.ActiveCfg = UAT
		{EFB5EC97-8D63-4DAC-A1E9-8CFDAD07BD62}.UAT|Any CPU.Build.0 = UAT
		{EFB5EC97-8D63-4DAC-A1E9-8CFDAD07BD62}.UAT|Any CPU.Deploy.0 = UAT
		{C55AE252-8BCC-4CA0-A437-F46452366B7F}.Debug|Any CPU.ActiveCfg = Debug
		{C55AE252-8BCC-4CA0-A437-F46452366B7F}.Debug|Any CPU.Build.0 = Debug
		{C55AE252-8BCC-4CA0-A437-F46452366B7F}.Debug|Any CPU.Deploy.0 = Debug
		{C55AE252-8BCC-4CA0-A437-F46452366B7F}.DebugLocal|Any CPU.ActiveCfg = DebugLocal
		{C55AE252-8BCC-4CA0-A437-F46452366B7F}.DebugLocal|Any CPU.Build.0 = DebugLocal
		{C55AE252-8BCC-4CA0-A437-F46452366B7F}.DebugLocal|Any CPU.Deploy.0 = DebugLocal
		{C55AE252-8BCC-4CA0-A437-F46452366B7F}.Development|Any CPU.ActiveCfg = Development
		{C55AE252-8BCC-4CA0-A437-F46452366B7F}.Development|Any CPU.Build.0 = Development
		{C55AE252-8BCC-4CA0-A437-F46452366B7F}.Production|Any CPU.ActiveCfg = Production
		{C55AE252-8BCC-4CA0-A437-F46452366B7F}.Production|Any CPU.Build.0 = Production
		{C55AE252-8BCC-4CA0-A437-F46452366B7F}.Production|Any CPU.Deploy.0 = Production
		{C55AE252-8BCC-4CA0-A437-F46452366B7F}.Release|Any CPU.ActiveCfg = Release
		{C55AE252-8BCC-4CA0-A437-F46452366B7F}.Release|Any CPU.Build.0 = Release
		{C55AE252-8BCC-4CA0-A437-F46452366B7F}.Release|Any CPU.Deploy.0 = Release
		{C55AE252-8BCC-4CA0-A437-F46452366B7F}.Test|Any CPU.ActiveCfg = Test
		{C55AE252-8BCC-4CA0-A437-F46452366B7F}.Test|Any CPU.Build.0 = Test
		{C55AE252-8BCC-4CA0-A437-F46452366B7F}.Test|Any CPU.Deploy.0 = Test
		{C55AE252-8BCC-4CA0-A437-F46452366B7F}.UAT|Any CPU.ActiveCfg = UAT
		{C55AE252-8BCC-4CA0-A437-F46452366B7F}.UAT|Any CPU.Build.0 = UAT
		{C55AE252-8BCC-4CA0-A437-F46452366B7F}.UAT|Any CPU.Deploy.0 = UAT
		{08C237B4-3469-4A19-8BD2-F12685F45ADE}.Debug|Any CPU.ActiveCfg = Debug
		{08C237B4-3469-4A19-8BD2-F12685F45ADE}.Debug|Any CPU.Build.0 = Debug
		{08C237B4-3469-4A19-8BD2-F12685F45ADE}.Debug|Any CPU.Deploy.0 = Debug
		{08C237B4-3469-4A19-8BD2-F12685F45ADE}.DebugLocal|Any CPU.ActiveCfg = DebugLocal
		{08C237B4-3469-4A19-8BD2-F12685F45ADE}.DebugLocal|Any CPU.Build.0 = DebugLocal
		{08C237B4-3469-4A19-8BD2-F12685F45ADE}.DebugLocal|Any CPU.Deploy.0 = DebugLocal
		{08C237B4-3469-4A19-8BD2-F12685F45ADE}.Development|Any CPU.ActiveCfg = Development
		{08C237B4-3469-4A19-8BD2-F12685F45ADE}.Development|Any CPU.Build.0 = Development
		{08C237B4-3469-4A19-8BD2-F12685F45ADE}.Production|Any CPU.ActiveCfg = Production
		{08C237B4-3469-4A19-8BD2-F12685F45ADE}.Production|Any CPU.Build.0 = Production
		{08C237B4-3469-4A19-8BD2-F12685F45ADE}.Production|Any CPU.Deploy.0 = Production
		{08C237B4-3469-4A19-8BD2-F12685F45ADE}.Release|Any CPU.ActiveCfg = Release
		{08C237B4-3469-4A19-8BD2-F12685F45ADE}.Release|Any CPU.Build.0 = Release
		{08C237B4-3469-4A19-8BD2-F12685F45ADE}.Release|Any CPU.Deploy.0 = Release
		{08C237B4-3469-4A19-8BD2-F12685F45ADE}.Test|Any CPU.ActiveCfg = Test
		{08C237B4-3469-4A19-8BD2-F12685F45ADE}.Test|Any CPU.Build.0 = Test
		{08C237B4-3469-4A19-8BD2-F12685F45ADE}.Test|Any CPU.Deploy.0 = Test
		{08C237B4-3469-4A19-8BD2-F12685F45ADE}.UAT|Any CPU.ActiveCfg = UAT
		{08C237B4-3469-4A19-8BD2-F12685F45ADE}.UAT|Any CPU.Build.0 = UAT
		{08C237B4-3469-4A19-8BD2-F12685F45ADE}.UAT|Any CPU.Deploy.0 = UAT
		{F11E2C12-2A37-4794-B7F7-84E87A5479C3}.Debug|Any CPU.ActiveCfg = Development
		{F11E2C12-2A37-4794-B7F7-84E87A5479C3}.Debug|Any CPU.Build.0 = Development
		{F11E2C12-2A37-4794-B7F7-84E87A5479C3}.DebugLocal|Any CPU.ActiveCfg = Development
		{F11E2C12-2A37-4794-B7F7-84E87A5479C3}.DebugLocal|Any CPU.Build.0 = Development
		{F11E2C12-2A37-4794-B7F7-84E87A5479C3}.Development|Any CPU.ActiveCfg = Development
		{F11E2C12-2A37-4794-B7F7-84E87A5479C3}.Development|Any CPU.Build.0 = Development
		{F11E2C12-2A37-4794-B7F7-84E87A5479C3}.Production|Any CPU.ActiveCfg = Production
		{F11E2C12-2A37-4794-B7F7-84E87A5479C3}.Production|Any CPU.Build.0 = Production
		{F11E2C12-2A37-4794-B7F7-84E87A5479C3}.Release|Any CPU.ActiveCfg = Development
		{F11E2C12-2A37-4794-B7F7-84E87A5479C3}.Release|Any CPU.Build.0 = Development
		{F11E2C12-2A37-4794-B7F7-84E87A5479C3}.Test|Any CPU.ActiveCfg = Development
		{F11E2C12-2A37-4794-B7F7-84E87A5479C3}.Test|Any CPU.Build.0 = Development
		{F11E2C12-2A37-4794-B7F7-84E87A5479C3}.UAT|Any CPU.ActiveCfg = UAT
		{F11E2C12-2A37-4794-B7F7-84E87A5479C3}.UAT|Any CPU.Build.0 = UAT
		{306C22A5-BAF1-47E4-8CB0-BC72F0826FF1}.Debug|Any CPU.ActiveCfg = Debug
		{306C22A5-BAF1-47E4-8CB0-BC72F0826FF1}.Debug|Any CPU.Build.0 = Debug
		{306C22A5-BAF1-47E4-8CB0-BC72F0826FF1}.Debug|Any CPU.Deploy.0 = Debug
		{306C22A5-BAF1-47E4-8CB0-BC72F0826FF1}.DebugLocal|Any CPU.ActiveCfg = DebugLocal
		{306C22A5-BAF1-47E4-8CB0-BC72F0826FF1}.DebugLocal|Any CPU.Build.0 = DebugLocal
		{306C22A5-BAF1-47E4-8CB0-BC72F0826FF1}.DebugLocal|Any CPU.Deploy.0 = DebugLocal
		{306C22A5-BAF1-47E4-8CB0-BC72F0826FF1}.Development|Any CPU.ActiveCfg = Development
		{306C22A5-BAF1-47E4-8CB0-BC72F0826FF1}.Development|Any CPU.Build.0 = Development
		{306C22A5-BAF1-47E4-8CB0-BC72F0826FF1}.Production|Any CPU.ActiveCfg = Production
		{306C22A5-BAF1-47E4-8CB0-BC72F0826FF1}.Production|Any CPU.Build.0 = Production
		{306C22A5-BAF1-47E4-8CB0-BC72F0826FF1}.Production|Any CPU.Deploy.0 = Production
		{306C22A5-BAF1-47E4-8CB0-BC72F0826FF1}.Release|Any CPU.ActiveCfg = Production
		{306C22A5-BAF1-47E4-8CB0-BC72F0826FF1}.Release|Any CPU.Build.0 = Production
		{306C22A5-BAF1-47E4-8CB0-BC72F0826FF1}.Release|Any CPU.Deploy.0 = Production
		{306C22A5-BAF1-47E4-8CB0-BC72F0826FF1}.Test|Any CPU.ActiveCfg = Test
		{306C22A5-BAF1-47E4-8CB0-BC72F0826FF1}.Test|Any CPU.Build.0 = Test
		{306C22A5-BAF1-47E4-8CB0-BC72F0826FF1}.Test|Any CPU.Deploy.0 = Test
		{306C22A5-BAF1-47E4-8CB0-BC72F0826FF1}.UAT|Any CPU.ActiveCfg = UAT
		{306C22A5-BAF1-47E4-8CB0-BC72F0826FF1}.UAT|Any CPU.Build.0 = UAT
		{306C22A5-BAF1-47E4-8CB0-BC72F0826FF1}.UAT|Any CPU.Deploy.0 = UAT
		{333040C2-E24B-4290-BBC1-678A2EBEBBEB}.Debug|Any CPU.ActiveCfg = Debug|Any CPU
		{333040C2-E24B-4290-BBC1-678A2EBEBBEB}.Debug|Any CPU.Build.0 = Debug|Any CPU
		{333040C2-E24B-4290-BBC1-678A2EBEBBEB}.Debug|Any CPU.Deploy.0 = Debug|Any CPU
		{333040C2-E24B-4290-BBC1-678A2EBEBBEB}.DebugLocal|Any CPU.ActiveCfg = Debug|Any CPU
		{333040C2-E24B-4290-BBC1-678A2EBEBBEB}.DebugLocal|Any CPU.Build.0 = Debug|Any CPU
		{333040C2-E24B-4290-BBC1-678A2EBEBBEB}.DebugLocal|Any CPU.Deploy.0 = Debug|Any CPU
		{333040C2-E24B-4290-BBC1-678A2EBEBBEB}.Development|Any CPU.ActiveCfg = Production|Any CPU
		{333040C2-E24B-4290-BBC1-678A2EBEBBEB}.Development|Any CPU.Build.0 = Production|Any CPU
		{333040C2-E24B-4290-BBC1-678A2EBEBBEB}.Production|Any CPU.ActiveCfg = Production|Any CPU
		{333040C2-E24B-4290-BBC1-678A2EBEBBEB}.Production|Any CPU.Build.0 = Production|Any CPU
		{333040C2-E24B-4290-BBC1-678A2EBEBBEB}.Production|Any CPU.Deploy.0 = Production|Any CPU
		{333040C2-E24B-4290-BBC1-678A2EBEBBEB}.Release|Any CPU.ActiveCfg = Release|Any CPU
		{333040C2-E24B-4290-BBC1-678A2EBEBBEB}.Release|Any CPU.Build.0 = Release|Any CPU
		{333040C2-E24B-4290-BBC1-678A2EBEBBEB}.Release|Any CPU.Deploy.0 = Release|Any CPU
		{333040C2-E24B-4290-BBC1-678A2EBEBBEB}.Test|Any CPU.ActiveCfg = Test|Any CPU
		{333040C2-E24B-4290-BBC1-678A2EBEBBEB}.Test|Any CPU.Build.0 = Test|Any CPU
		{333040C2-E24B-4290-BBC1-678A2EBEBBEB}.Test|Any CPU.Deploy.0 = Test|Any CPU
		{333040C2-E24B-4290-BBC1-678A2EBEBBEB}.UAT|Any CPU.ActiveCfg = UAT|Any CPU
		{333040C2-E24B-4290-BBC1-678A2EBEBBEB}.UAT|Any CPU.Build.0 = UAT|Any CPU
		{333040C2-E24B-4290-BBC1-678A2EBEBBEB}.UAT|Any CPU.Deploy.0 = UAT|Any CPU
	EndGlobalSection
	GlobalSection(SolutionProperties) = preSolution
		HideSolutionNode = FALSE
	EndGlobalSection
	GlobalSection(NestedProjects) = preSolution
		{3E6D9C86-D776-453A-9A97-7BF5396DAF4E} = {E3C4B3B6-B6AB-48EC-BA64-05383D71CCBF}
	EndGlobalSection
EndGlobal
